// !$*UTF8*$!
{
	archiveVersion = 1;
	classes = {
	};
	objectVersion = 50;
	objects = {

/* Begin PBXBuildFile section */
		18FCE4392390EB590021AE87 /* AppDelegate.swift in Sources */ = {isa = PBXBuildFile; fileRef = 18FCE4382390EB590021AE87 /* AppDelegate.swift */; };
		18FCE43B2390EB590021AE87 /* ViewController.swift in Sources */ = {isa = PBXBuildFile; fileRef = 18FCE43A2390EB590021AE87 /* ViewController.swift */; };
		18FCE43E2390EB590021AE87 /* Main.storyboard in Resources */ = {isa = PBXBuildFile; fileRef = 18FCE43C2390EB590021AE87 /* Main.storyboard */; };
		18FCE4402390EB5A0021AE87 /* Assets.xcassets in Resources */ = {isa = PBXBuildFile; fileRef = 18FCE43F2390EB5A0021AE87 /* Assets.xcassets */; };
		18FCE4432390EB5A0021AE87 /* LaunchScreen.storyboard in Resources */ = {isa = PBXBuildFile; fileRef = 18FCE4412390EB5A0021AE87 /* LaunchScreen.storyboard */; };
		18FCE44C2390EBD90021AE87 /* CustomCell.swift in Sources */ = {isa = PBXBuildFile; fileRef = 18FCE44A2390EBD90021AE87 /* CustomCell.swift */; };
		18FCE44D2390EBD90021AE87 /* CustomCell.xib in Resources */ = {isa = PBXBuildFile; fileRef = 18FCE44B2390EBD90021AE87 /* CustomCell.xib */; };
		18FCE4522390F01C0021AE87 /* ImageCell.swift in Sources */ = {isa = PBXBuildFile; fileRef = 18FCE4502390F01C0021AE87 /* ImageCell.swift */; };
		18FCE4532390F01C0021AE87 /* ImageCell.xib in Resources */ = {isa = PBXBuildFile; fileRef = 18FCE4512390F01C0021AE87 /* ImageCell.xib */; };
/* End PBXBuildFile section */

/* Begin PBXFileReference section */
		18FCE4352390EB590021AE87 /* Bai3.4.app */ = {isa = PBXFileReference; explicitFileType = wrapper.application; includeInIndex = 0; path = Bai3.4.app; sourceTree = BUILT_PRODUCTS_DIR; };
		18FCE4382390EB590021AE87 /* AppDelegate.swift */ = {isa = PBXFileReference; lastKnownFileType = sourcecode.swift; path = AppDelegate.swift; sourceTree = "<group>"; };
		18FCE43A2390EB590021AE87 /* ViewController.swift */ = {isa = PBXFileReference; lastKnownFileType = sourcecode.swift; path = ViewController.swift; sourceTree = "<group>"; };
		18FCE43D2390EB590021AE87 /* Base */ = {isa = PBXFileReference; lastKnownFileType = file.storyboard; name = Base; path = Base.lproj/Main.storyboard; sourceTree = "<group>"; };
		18FCE43F2390EB5A0021AE87 /* Assets.xcassets */ = {isa = PBXFileReference; lastKnownFileType = folder.assetcatalog; path = Assets.xcassets; sourceTree = "<group>"; };
		18FCE4422390EB5A0021AE87 /* Base */ = {isa = PBXFileReference; lastKnownFileType = file.storyboard; name = Base; path = Base.lproj/LaunchScreen.storyboard; sourceTree = "<group>"; };
		18FCE4442390EB5A0021AE87 /* Info.plist */ = {isa = PBXFileReference; lastKnownFileType = text.plist.xml; path = Info.plist; sourceTree = "<group>"; };
		18FCE44A2390EBD90021AE87 /* CustomCell.swift */ = {isa = PBXFileReference; lastKnownFileType = sourcecode.swift; path = CustomCell.swift; sourceTree = "<group>"; };
		18FCE44B2390EBD90021AE87 /* CustomCell.xib */ = {isa = PBXFileReference; lastKnownFileType = file.xib; path = CustomCell.xib; sourceTree = "<group>"; };
		18FCE4502390F01C0021AE87 /* ImageCell.swift */ = {isa = PBXFileReference; lastKnownFileType = sourcecode.swift; path = ImageCell.swift; sourceTree = "<group>"; };
		18FCE4512390F01C0021AE87 /* ImageCell.xib */ = {isa = PBXFileReference; lastKnownFileType = file.xib; path = ImageCell.xib; sourceTree = "<group>"; };
/* End PBXFileReference section */

/* Begin PBXFrameworksBuildPhase section */
		18FCE4322390EB590021AE87 /* Frameworks */ = {
			isa = PBXFrameworksBuildPhase;
			buildActionMask = 2147483647;
			files = (
			);
			runOnlyForDeploymentPostprocessing = 0;
		};
/* End PBXFrameworksBuildPhase section */

/* Begin PBXGroup section */
		18FCE42C2390EB590021AE87 = {
			isa = PBXGroup;
			children = (
				18FCE4372390EB590021AE87 /* Bai3.4 */,
				18FCE4362390EB590021AE87 /* Products */,
			);
			sourceTree = "<group>";
		};
		18FCE4362390EB590021AE87 /* Products */ = {
			isa = PBXGroup;
			children = (
				18FCE4352390EB590021AE87 /* Bai3.4.app */,
			);
			name = Products;
			sourceTree = "<group>";
		};
		18FCE4372390EB590021AE87 /* Bai3.4 */ = {
			isa = PBXGroup;
			children = (
				18FCE4382390EB590021AE87 /* AppDelegate.swift */,
				18FCE43A2390EB590021AE87 /* ViewController.swift */,
				18FCE43C2390EB590021AE87 /* Main.storyboard */,
				18FCE43F2390EB5A0021AE87 /* Assets.xcassets */,
				18FCE4412390EB5A0021AE87 /* LaunchScreen.storyboard */,
				18FCE4442390EB5A0021AE87 /* Info.plist */,
				18FCE44A2390EBD90021AE87 /* CustomCell.swift */,
				18FCE44B2390EBD90021AE87 /* CustomCell.xib */,
				18FCE4502390F01C0021AE87 /* ImageCell.swift */,
				18FCE4512390F01C0021AE87 /* ImageCell.xib */,
			);
			path = Bai3.4;
			sourceTree = "<group>";
		};
/* End PBXGroup section */

/* Begin PBXNativeTarget section */
		18FCE4342390EB590021AE87 /* Bai3.4 */ = {
			isa = PBXNativeTarget;
			buildConfigurationList = 18FCE4472390EB5A0021AE87 /* Build configuration list for PBXNativeTarget "Bai3.4" */;
			buildPhases = (
				18FCE4312390EB590021AE87 /* Sources */,
				18FCE4322390EB590021AE87 /* Frameworks */,
				18FCE4332390EB590021AE87 /* Resources */,
			);
			buildRules = (
			);
			dependencies = (
			);
			name = Bai3.4;
			productName = Bai3.4;
			productReference = 18FCE4352390EB590021AE87 /* Bai3.4.app */;
			productType = "com.apple.product-type.application";
		};
/* End PBXNativeTarget section */

/* Begin PBXProject section */
		18FCE42D2390EB590021AE87 /* Project object */ = {
			isa = PBXProject;
			attributes = {
				LastSwiftUpdateCheck = 1030;
				LastUpgradeCheck = 1030;
				ORGANIZATIONNAME = APPLE;
				TargetAttributes = {
					18FCE4342390EB590021AE87 = {
						CreatedOnToolsVersion = 10.3;
					};
				};
			};
			buildConfigurationList = 18FCE4302390EB590021AE87 /* Build configuration list for PBXProject "Bai3.4" */;
			compatibilityVersion = "Xcode 9.3";
			developmentRegion = en;
			hasScannedForEncodings = 0;
			knownRegions = (
				en,
				Base,
			);
			mainGroup = 18FCE42C2390EB590021AE87;
			productRefGroup = 18FCE4362390EB590021AE87 /* Products */;
			projectDirPath = "";
			projectRoot = "";
			targets = (
				18FCE4342390EB590021AE87 /* Bai3.4 */,
			);
		};
/* End PBXProject section */

/* Begin PBXResourcesBuildPhase section */
		18FCE4332390EB590021AE87 /* Resources */ = {
			isa = PBXResourcesBuildPhase;
			buildActionMask = 2147483647;
			files = (
				18FCE4432390EB5A0021AE87 /* LaunchScreen.storyboard in Resources */,
				18FCE4402390EB5A0021AE87 /* Assets.xcassets in Resources */,
				18FCE44D2390EBD90021AE87 /* CustomCell.xib in Resources */,
				18FCE4532390F01C0021AE87 /* ImageCell.xib in Resources */,
				18FCE43E2390EB590021AE87 /* Main.storyboard in Resources */,
			);
			runOnlyForDeploymentPostprocessing = 0;
		};
/* End PBXResourcesBuildPhase section */

/* Begin PBXSourcesBuildPhase section */
		18FCE4312390EB590021AE87 /* Sources */ = {
			isa = PBXSourcesBuildPhase;
			buildActionMask = 2147483647;
			files = (
				18FCE43B2390EB590021AE87 /* ViewController.swift in Sources */,
				18FCE4522390F01C0021AE87 /* ImageCell.swift in Sources */,
				18FCE44C2390EBD90021AE87 /* CustomCell.swift in Sources */,
				18FCE4392390EB590021AE87 /* AppDelegate.swift in Sources */,
			);
			runOnlyForDeploymentPostprocessing = 0;
		};
/* End PBXSourcesBuildPhase section */

/* Begin PBXVariantGroup section */
		18FCE43C2390EB590021AE87 /* Main.storyboard */ = {
			isa = PBXVariantGroup;
			children = (
				18FCE43D2390EB590021AE87 /* Base */,
			);
			name = Main.storyboard;
			sourceTree = "<group>";
		};
		18FCE4412390EB5A0021AE87 /* LaunchScreen.storyboard */ = {
			isa = PBXVariantGroup;
			children = (
				18FCE4422390EB5A0021AE87 /* Base */,
			);
			name = LaunchScreen.storyboard;
			sourceTree = "<group>";
		};
/* End PBXVariantGroup section */

/* Begin XCBuildConfiguration section */
		18FCE4452390EB5A0021AE87 /* Debug */ = {
			isa = XCBuildConfiguration;
			buildSettings = {
				ALWAYS_SEARCH_USER_PATHS = NO;
				CLANG_ANALYZER_NONNULL = YES;
				CLANG_ANALYZER_NUMBER_OBJECT_CONVERSION = YES_AGGRESSIVE;
				CLANG_CXX_LANGUAGE_STANDARD = "gnu++14";
				CLANG_CXX_LIBRARY = "libc++";
				CLANG_ENABLE_MODULES = YES;
				CLANG_ENABLE_OBJC_ARC = YES;
				CLANG_ENABLE_OBJC_WEAK = YES;
				CLANG_WARN_BLOCK_CAPTURE_AUTORELEASING = YES;
				CLANG_WARN_BOOL_CONVERSION = YES;
				CLANG_WARN_COMMA = YES;
				CLANG_WARN_CONSTANT_CONVERSION = YES;
				CLANG_WARN_DEPRECATED_OBJC_IMPLEMENTATIONS = YES;
				CLANG_WARN_DIRECT_OBJC_ISA_USAGE = YES_ERROR;
				CLANG_WARN_DOCUMENTATION_COMMENTS = YES;
				CLANG_WARN_EMPTY_BODY = YES;
				CLANG_WARN_ENUM_CONVERSION = YES;
				CLANG_WARN_INFINITE_RECURSION = YES;
				CLANG_WARN_INT_CONVERSION = YES;
				CLANG_WARN_NON_LITERAL_NULL_CONVERSION = YES;
				CLANG_WARN_OBJC_IMPLICIT_RETAIN_SELF = YES;
				CLANG_WARN_OBJC_LITERAL_CONVERSION = YES;
				CLANG_WARN_OBJC_ROOT_CLASS = YES_ERROR;
				CLANG_WARN_RANGE_LOOP_ANALYSIS = YES;
				CLANG_WARN_STRICT_PROTOTYPES = YES;
				CLANG_WARN_SUSPICIOUS_MOVE = YES;
				CLANG_WARN_UNGUARDED_AVAILABILITY = YES_AGGRESSIVE;
				CLANG_WARN_UNREACHABLE_CODE = YES;
				CLANG_WARN__DUPLICATE_METHOD_MATCH = YES;
				CODE_SIGN_IDENTITY = "iPhone Developer";
				COPY_PHASE_STRIP = NO;
				DEBUG_INFORMATION_FORMAT = dwarf;
				ENABLE_STRICT_OBJC_MSGSEND = YES;
				ENABLE_TESTABILITY = YES;
				GCC_C_LANGUAGE_STANDARD = gnu11;
				GCC_DYNAMIC_NO_PIC = NO;
				GCC_NO_COMMON_BLOCKS = YES;
				GCC_OPTIMIZATION_LEVEL = 0;
				GCC_PREPROCESSOR_DEFINITIONS = (
					"DEBUG=1",
					"$(inherited)",
				);
				GCC_WARN_64_TO_32_BIT_CONVERSION = YES;
				GCC_WARN_ABOUT_RETURN_TYPE = YES_ERROR;
				GCC_WARN_UNDECLARED_SELECTOR = YES;
				GCC_WARN_UNINITIALIZED_AUTOS = YES_AGGRESSIVE;
				GCC_WARN_UNUSED_FUNCTION = YES;
				GCC_WARN_UNUSED_VARIABLE = YES;
				IPHONEOS_DEPLOYMENT_TARGET = 12.4;
				MTL_ENABLE_DEBUG_INFO = INCLUDE_SOURCE;
				MTL_FAST_MATH = YES;
				ONLY_ACTIVE_ARCH = YES;
				SDKROOT = iphoneos;
				SWIFT_ACTIVE_COMPILATION_CONDITIONS = DEBUG;
				SWIFT_OPTIMIZATION_LEVEL = "-Onone";
			};
			name = Debug;
		};
		18FCE4462390EB5A0021AE87 /* Release */ = {
			isa = XCBuildConfiguration;
			buildSettings = {
				ALWAYS_SEARCH_USER_PATHS = NO;
				CLANG_ANALYZER_NONNULL = YES;
				CLANG_ANALYZER_NUMBER_OBJECT_CONVERSION = YES_AGGRESSIVE;
				CLANG_CXX_LANGUAGE_STANDARD = "gnu++14";
				CLANG_CXX_LIBRARY = "libc++";
				CLANG_ENABLE_MODULES = YES;
				CLANG_ENABLE_OBJC_ARC = YES;
				CLANG_ENABLE_OBJC_WEAK = YES;
				CLANG_WARN_BLOCK_CAPTURE_AUTORELEASING = YES;
				CLANG_WARN_BOOL_CONVERSION = YES;
				CLANG_WARN_COMMA = YES;
				CLANG_WARN_CONSTANT_CONVERSION = YES;
				CLANG_WARN_DEPRECATED_OBJC_IMPLEMENTATIONS = YES;
				CLANG_WARN_DIRECT_OBJC_ISA_USAGE = YES_ERROR;
				CLANG_WARN_DOCUMENTATION_COMMENTS = YES;
				CLANG_WARN_EMPTY_BODY = YES;
				CLANG_WARN_ENUM_CONVERSION = YES;
				CLANG_WARN_INFINITE_RECURSION = YES;
				CLANG_WARN_INT_CONVERSION = YES;
				CLANG_WARN_NON_LITERAL_NULL_CONVERSION = YES;
				CLANG_WARN_OBJC_IMPLICIT_RETAIN_SELF = YES;
				CLANG_WARN_OBJC_LITERAL_CONVERSION = YES;
				CLANG_WARN_OBJC_ROOT_CLASS = YES_ERROR;
				CLANG_WARN_RANGE_LOOP_ANALYSIS = YES;
				CLANG_WARN_STRICT_PROTOTYPES = YES;
				CLANG_WARN_SUSPICIOUS_MOVE = YES;
				CLANG_WARN_UNGUARDED_AVAILABILITY = YES_AGGRESSIVE;
				CLANG_WARN_UNREACHABLE_CODE = YES;
				CLANG_WARN__DUPLICATE_METHOD_MATCH = YES;
				CODE_SIGN_IDENTITY = "iPhone Developer";
				COPY_PHASE_STRIP = NO;
				DEBUG_INFORMATION_FORMAT = "dwarf-with-dsym";
				ENABLE_NS_ASSERTIONS = NO;
				ENABLE_STRICT_OBJC_MSGSEND = YES;
				GCC_C_LANGUAGE_STANDARD = gnu11;
				GCC_NO_COMMON_BLOCKS = YES;
				GCC_WARN_64_TO_32_BIT_CONVERSION = YES;
				GCC_WARN_ABOUT_RETURN_TYPE = YES_ERROR;
				GCC_WARN_UNDECLARED_SELECTOR = YES;
				GCC_WARN_UNINITIALIZED_AUTOS = YES_AGGRESSIVE;
				GCC_WARN_UNUSED_FUNCTION = YES;
				GCC_WARN_UNUSED_VARIABLE = YES;
				IPHONEOS_DEPLOYMENT_TARGET = 12.4;
				MTL_ENABLE_DEBUG_INFO = NO;
				MTL_FAST_MATH = YES;
				SDKROOT = iphoneos;
				SWIFT_COMPILATION_MODE = wholemodule;
				SWIFT_OPTIMIZATION_LEVEL = "-O";
				VALIDATE_PRODUCT = YES;
			};
			name = Release;
		};
		18FCE4482390EB5A0021AE87 /* Debug */ = {
			isa = XCBuildConfiguration;
			buildSettings = {
				ASSETCATALOG_COMPILER_APPICON_NAME = AppIcon;
				CODE_SIGN_STYLE = Automatic;
				INFOPLIST_FILE = Bai3.4/Info.plist;
				IPHONEOS_DEPLOYMENT_TARGET = 11.0;
				LD_RUNPATH_SEARCH_PATHS = (
					"$(inherited)",
					"@executable_path/Frameworks",
				);
				PRODUCT_BUNDLE_IDENTIFIER = "thang.Bai3-4";
				PRODUCT_NAME = "$(TARGET_NAME)";
				SWIFT_VERSION = 5.0;
				TARGETED_DEVICE_FAMILY = "1,2";
			};
			name = Debug;
		};
		18FCE4492390EB5A0021AE87 /* Release */ = {
			isa = XCBuildConfiguration;
			buildSettings = {
				ASSETCATALOG_COMPILER_APPICON_NAME = AppIcon;
				CODE_SIGN_STYLE = Automatic;
				INFOPLIST_FILE = Bai3.4/Info.plist;
				IPHONEOS_DEPLOYMENT_TARGET = 11.0;
				LD_RUNPATH_SEARCH_PATHS = (
					"$(inherited)",
					"@executable_path/Frameworks",
				);
				PRODUCT_BUNDLE_IDENTIFIER = "thang.Bai3-4";
				PRODUCT_NAME = "$(TARGET_NAME)";
				SWIFT_VERSION = 5.0;
				TARGETED_DEVICE_FAMILY = "1,2";
			};
			name = Release;
		};
/* End XCBuildConfiguration section */

/* Begin XCConfigurationList section */
		18FCE4302390EB590021AE87 /* Build configuration list for PBXProject "Bai3.4" */ = {
			isa = XCConfigurationList;
			buildConfigurations = (
				18FCE4452390EB5A0021AE87 /* Debug */,
				18FCE4462390EB5A0021AE87 /* Release */,
			);
			defaultConfigurationIsVisible = 0;
			defaultConfigurationName = Release;
		};
		18FCE4472390EB5A0021AE87 /* Build configuration list for PBXNativeTarget "Bai3.4" */ = {
			isa = XCConfigurationList;
			buildConfigurations = (
				18FCE4482390EB5A0021AE87 /* Debug */,
				18FCE4492390EB5A0021AE87 /* Release */,
			);
			defaultConfigurationIsVisible = 0;
			defaultConfigurationName = Release;
		};
/* End XCConfigurationList section */
	};
	rootObject = 18FCE42D2390EB590021AE87 /* Project object */;
}
